github.com/mattn/go-sqlite3 v1.14.24 h1:tpSp2G2KyMnnQu99ngJ47EIkWVmliIizyZBfPrBWDRM=
github.com/mattn/go-sqlite3 v1.14.24/go.mod h1:Uh1q+B4BYcTPb+yiD3kU8Ct7aC0hY9fxUwlHK0RXw+Y=
github.com/raffleberry/tags v0.0.0-20241110090111-d94c39313e55 h1:g/10gLluuJ9tZIcQrpF6Q4JksdNr/kXBaWPvJrrxUFA=
github.com/raffleberry/tags v0.0.0-20241110090111-d94c39313e55/go.mod h1:w6cXot/hNnd1uvg/PHNJwBiyf71Yk8PQ78WFfIuLXgY=
